
Microsoft Visual Studio Solution File, Format Version 12.00
# Visual Studio Version 16
VisualStudioVersion = 16.0.31129.286
MinimumVisualStudioVersion = 10.0.40219.1
Project("{FAE04EC0-301F-11D3-BF4B-00C04F79EFBC}") = "Svendepr-ve-V9-2k21", "Svendepr-ve-V9-2k21\Svendepr-ve-V9-2k21.csproj", "{52F1D87A-216E-476E-B238-971978F32EF0}"
EndProject
Project("{FAE04EC0-301F-11D3-BF4B-00C04F79EFBC}") = "PyroSquidUniLib", "PyroSquidUniLib\PyroSquidUniLib.csproj", "{2ABC3484-CEA2-42C8-943C-7AE8B615073C}"
EndProject
Global
	GlobalSection(SolutionConfigurationPlatforms) = preSolution
		Debug|Any CPU = Debug|Any CPU
		Release|Any CPU = Release|Any CPU
	EndGlobalSection
	GlobalSection(ProjectConfigurationPlatforms) = postSolution
		{52F1D87A-216E-476E-B238-971978F32EF0}.Debug|Any CPU.ActiveCfg = Debug|Any CPU
		{52F1D87A-216E-476E-B238-971978F32EF0}.Debug|Any CPU.Build.0 = Debug|Any CPU
		{52F1D87A-216E-476E-B238-971978F32EF0}.Release|Any CPU.ActiveCfg = Release|Any CPU
		{52F1D87A-216E-476E-B238-971978F32EF0}.Release|Any CPU.Build.0 = Release|Any CPU
		{2ABC3484-CEA2-42C8-943C-7AE8B615073C}.Debug|Any CPU.ActiveCfg = Debug|Any CPU
		{2ABC3484-CEA2-42C8-943C-7AE8B615073C}.Debug|Any CPU.Build.0 = Debug|Any CPU
		{2ABC3484-CEA2-42C8-943C-7AE8B615073C}.Release|Any CPU.ActiveCfg = Release|Any CPU
		{2ABC3484-CEA2-42C8-943C-7AE8B615073C}.Release|Any CPU.Build.0 = Release|Any CPU
	EndGlobalSection
	GlobalSection(SolutionProperties) = preSolution
		HideSolutionNode = FALSE
	EndGlobalSection
	GlobalSection(ExtensibilityGlobals) = postSolution
		SolutionGuid = {364C2226-F25D-44FF-A262-188DA7D5FC03}
	EndGlobalSection
EndGlobal
